Microsoft Visual Studio Solution File, Format Version 12.00
# Visual Studio 14
VisualStudioVersion = 14.0.25420.1
MinimumVisualStudioVersion = 10.0.40219.1
Project("{8BC9CEB8-8B4A-11D0-8D11-00A0C91BC942}") = "ÓÎÏ··þÎñ", "GameService.vcxproj", "{07F0CF5A-4D5D-4DBB-A723-4DF612C3AB33}"
EndProject
Global
	GlobalSection(SolutionConfigurationPlatforms) = preSolution
		Debug_Unicode|x86 = Debug_Unicode|x86
		Debug|x86 = Debug|x86
		Release_Unicode|x86 = Release_Unicode|x86
		Release|x86 = Release|x86
	EndGlobalSection
	GlobalSection(ProjectConfigurationPlatforms) = postSolution
		{07F0CF5A-4D5D-4DBB-A723-4DF612C3AB33}.Debug_Unicode|x86.ActiveCfg = Debug_Unicode|Win32
		{07F0CF5A-4D5D-4DBB-A723-4DF612C3AB33}.Debug_Unicode|x86.Build.0 = Debug_Unicode|Win32
		{07F0CF5A-4D5D-4DBB-A723-4DF612C3AB33}.Debug|x86.ActiveCfg = Debug|Win32
		{07F0CF5A-4D5D-4DBB-A723-4DF612C3AB33}.Debug|x86.Build.0 = Debug|Win32
		{07F0CF5A-4D5D-4DBB-A723-4DF612C3AB33}.Release_Unicode|x86.ActiveCfg = Release_Unicode|Win32
		{07F0CF5A-4D5D-4DBB-A723-4DF612C3AB33}.Release_Unicode|x86.Build.0 = Release_Unicode|Win32
		{07F0CF5A-4D5D-4DBB-A723-4DF612C3AB33}.Release|x86.ActiveCfg = Release|Win32
		{07F0CF5A-4D5D-4DBB-A723-4DF612C3AB33}.Release|x86.Build.0 = Release|Win32
	EndGlobalSection
	GlobalSection(SolutionProperties) = preSolution
		HideSolutionNode = FALSE
	EndGlobalSection
EndGlobal
