Microsoft Visual Studio Solution File, Format Version 12.00
# Visual Studio 2013
VisualStudioVersion = 12.0.21005.1
MinimumVisualStudioVersion = 10.0.40219.1
Project("{8BC9CEB8-8B4A-11D0-8D11-00A0C91BC942}") = "hge", "hge.vcxproj", "{2B30C9BC-C496-44BB-AD0E-20EF3ABBDB45}"
EndProject
Project("{8BC9CEB8-8B4A-11D0-8D11-00A0C91BC942}") = "hgehelp", "..\helpers\hgehelp.vcxproj", "{8B2E97B8-C0CC-4513-AB41-3EC871F1898A}"
EndProject
Global
	GlobalSection(SolutionConfigurationPlatforms) = preSolution
		Debug|Win32 = Debug|Win32
		Release|Win32 = Release|Win32
	EndGlobalSection
	GlobalSection(ProjectConfigurationPlatforms) = postSolution
		{2B30C9BC-C496-44BB-AD0E-20EF3ABBDB45}.Debug|Win32.ActiveCfg = Debug|Win32
		{2B30C9BC-C496-44BB-AD0E-20EF3ABBDB45}.Debug|Win32.Build.0 = Debug|Win32
		{2B30C9BC-C496-44BB-AD0E-20EF3ABBDB45}.Release|Win32.ActiveCfg = Release|Win32
		{2B30C9BC-C496-44BB-AD0E-20EF3ABBDB45}.Release|Win32.Build.0 = Release|Win32
		{8B2E97B8-C0CC-4513-AB41-3EC871F1898A}.Debug|Win32.ActiveCfg = Debug|Win32
		{8B2E97B8-C0CC-4513-AB41-3EC871F1898A}.Debug|Win32.Build.0 = Debug|Win32
		{8B2E97B8-C0CC-4513-AB41-3EC871F1898A}.Release|Win32.ActiveCfg = Release|Win32
		{8B2E97B8-C0CC-4513-AB41-3EC871F1898A}.Release|Win32.Build.0 = Release|Win32
	EndGlobalSection
	GlobalSection(SolutionProperties) = preSolution
		HideSolutionNode = FALSE
	EndGlobalSection
EndGlobal
